{
  "version": 4,
  "terraform_version": "1.15.5",
  "serial": 9,
  "lineage": "9a80e9e3-13fb-ec8f-857d-ac936eff02a9",
  "outputs": {
    "attestation": {
      "value": {
        "encryption_algorithm": "google-managed-cmek-aes256",
        "kms_rotation_period": "7776000s",
        "public_access_prevention": "enforced",
        "required_labels_present": true,
        "retention_period_days": 30,
        "uniform_access_enforced": true,
        "versioning_enabled": true
      },
      "type": [
        "object",
        {
          "encryption_algorithm": "string",
          "kms_rotation_period": "string",
          "public_access_prevention": "string",
          "required_labels_present": "bool",
          "retention_period_days": "number",
          "uniform_access_enforced": "bool",
          "versioning_enabled": "bool"
        }
      ]
    }
  },
  "resources": [
    {
      "module": "module.data_bucket",
      "mode": "data",
      "type": "google_storage_project_service_account",
      "name": "gcs",
      "provider": "provider[\"registry.terraform.io/hashicorp/google\"]",
      "instances": [
        {
          "schema_version": 0,
          "attributes": {
            "email_address": "service-455259185438@gs-project-accounts.iam.gserviceaccount.com",
            "id": "service-455259185438@gs-project-accounts.iam.gserviceaccount.com",
            "member": "serviceAccount:service-455259185438@gs-project-accounts.iam.gserviceaccount.com",
            "project": "civic-access-392521",
            "user_project": null
          },
          "sensitive_attributes": [],
          "identity_schema_version": 0
        }
      ]
    },
    {
      "module": "module.data_bucket",
      "mode": "managed",
      "type": "google_kms_crypto_key",
      "name": "key",
      "provider": "provider[\"registry.terraform.io/hashicorp/google\"]",
      "instances": [
        {
          "schema_version": 1,
          "attributes": {
            "crypto_key_backend": "",
            "destroy_scheduled_duration": "2592000s",
            "effective_labels": {},
            "id": "projects/civic-access-392521/locations/us-central1/keyRings/dev-data-001-ring1/cryptoKeys/dev-data-001-key1",
            "import_only": false,
            "key_ring": "projects/civic-access-392521/locations/us-central1/keyRings/dev-data-001-ring1",
            "labels": null,
            "name": "dev-data-001-key1",
            "primary": [
              {
                "name": "projects/civic-access-392521/locations/us-central1/keyRings/dev-data-001-ring1/cryptoKeys/dev-data-001-key1/cryptoKeyVersions/1",
                "state": "ENABLED"
              }
            ],
            "purpose": "ENCRYPT_DECRYPT",
            "rotation_period": "7776000s",
            "skip_initial_version_creation": false,
            "terraform_labels": {},
            "timeouts": null,
            "version_template": [
              {
                "algorithm": "GOOGLE_SYMMETRIC_ENCRYPTION",
                "protection_level": "SOFTWARE"
              }
            ]
          },
          "sensitive_attributes": [],
          "identity_schema_version": 0,
          "private": "eyJlMmJmYjczMC1lY2FhLTExZTYtOGY4OC0zNDM2M2JjN2M0YzAiOnsiY3JlYXRlIjoxMjAwMDAwMDAwMDAwLCJkZWxldGUiOjEyMDAwMDAwMDAwMDAsInVwZGF0ZSI6MTIwMDAwMDAwMDAwMH0sInNjaGVtYV92ZXJzaW9uIjoiMSJ9",
          "dependencies": [
            "module.data_bucket.google_kms_key_ring.ring"
          ]
        }
      ]
    },
    {
      "module": "module.data_bucket",
      "mode": "managed",
      "type": "google_kms_crypto_key_iam_member",
      "name": "gcs_encrypter",
      "provider": "provider[\"registry.terraform.io/hashicorp/google\"]",
      "instances": [
        {
          "schema_version": 0,
          "attributes": {
            "condition": [],
            "crypto_key_id": "projects/civic-access-392521/locations/us-central1/keyRings/dev-data-001-ring1/cryptoKeys/dev-data-001-key1",
            "etag": "BwZT61x+WHE=",
            "id": "projects/civic-access-392521/locations/us-central1/keyRings/dev-data-001-ring1/cryptoKeys/dev-data-001-key1/roles/cloudkms.cryptoKeyEncrypterDecrypter/serviceAccount:service-455259185438@gs-project-accounts.iam.gserviceaccount.com",
            "member": "serviceAccount:service-455259185438@gs-project-accounts.iam.gserviceaccount.com",
            "role": "roles/cloudkms.cryptoKeyEncrypterDecrypter"
          },
          "sensitive_attributes": [],
          "identity_schema_version": 0,
          "private": "bnVsbA==",
          "dependencies": [
            "module.data_bucket.data.google_storage_project_service_account.gcs",
            "module.data_bucket.google_kms_crypto_key.key",
            "module.data_bucket.google_kms_key_ring.ring"
          ]
        }
      ]
    },
    {
      "module": "module.data_bucket",
      "mode": "managed",
      "type": "google_kms_key_ring",
      "name": "ring",
      "provider": "provider[\"registry.terraform.io/hashicorp/google\"]",
      "instances": [
        {
          "schema_version": 0,
          "attributes": {
            "id": "projects/civic-access-392521/locations/us-central1/keyRings/dev-data-001-ring1",
            "location": "us-central1",
            "name": "dev-data-001-ring1",
            "project": "civic-access-392521",
            "timeouts": null
          },
          "sensitive_attributes": [],
          "identity_schema_version": 0,
          "private": "eyJlMmJmYjczMC1lY2FhLTExZTYtOGY4OC0zNDM2M2JjN2M0YzAiOnsiY3JlYXRlIjoxMjAwMDAwMDAwMDAwLCJkZWxldGUiOjEyMDAwMDAwMDAwMDB9fQ=="
        }
      ]
    }
  ],
  "check_results": [
    {
      "object_kind": "var",
      "config_addr": "module.data_bucket.var.project_label",
      "status": "pass",
      "objects": [
        {
          "object_addr": "module.data_bucket.var.project_label",
          "status": "pass"
        }
      ]
    },
    {
      "object_kind": "var",
      "config_addr": "module.data_bucket.var.environment",
      "status": "pass",
      "objects": [
        {
          "object_addr": "module.data_bucket.var.environment",
          "status": "pass"
        }
      ]
    },
    {
      "object_kind": "var",
      "config_addr": "module.data_bucket.var.retention_days",
      "status": "pass",
      "objects": [
        {
          "object_addr": "module.data_bucket.var.retention_days",
          "status": "pass"
        }
      ]
    },
    {
      "object_kind": "var",
      "config_addr": "module.data_bucket.var.bucket_name_suffix",
      "status": "pass",
      "objects": [
        {
          "object_addr": "module.data_bucket.var.bucket_name_suffix",
          "status": "pass"
        }
      ]
    }
  ]
}
